
Microsoft Visual Studio Solution File, Format Version 12.00
# Visual Studio Version 16
VisualStudioVersion = 16.0.31729.503
MinimumVisualStudioVersion = 10.0.40219.1
Project("{9A19103F-16F7-4668-BE54-9A1E7A4F7556}") = "CursoMVC", "CursoMVC\CursoMVC.csproj", "{8B906938-2A6B-45F0-B905-8464277F3DD7}"
EndProject
Project("{FAE04EC0-301F-11D3-BF4B-00C04F79EFBC}") = "CursoAPI", "CursoAPI\CursoAPI.csproj", "{C6F175D5-62BE-4CC1-9AFA-347A074CC46D}"
EndProject
Global
	GlobalSection(SolutionConfigurationPlatforms) = preSolution
		Debug|Any CPU = Debug|Any CPU
		Release|Any CPU = Release|Any CPU
	EndGlobalSection
	GlobalSection(ProjectConfigurationPlatforms) = postSolution
		{8B906938-2A6B-45F0-B905-8464277F3DD7}.Debug|Any CPU.ActiveCfg = Debug|Any CPU
		{8B906938-2A6B-45F0-B905-8464277F3DD7}.Debug|Any CPU.Build.0 = Debug|Any CPU
		{8B906938-2A6B-45F0-B905-8464277F3DD7}.Release|Any CPU.ActiveCfg = Release|Any CPU
		{8B906938-2A6B-45F0-B905-8464277F3DD7}.Release|Any CPU.Build.0 = Release|Any CPU
		{C6F175D5-62BE-4CC1-9AFA-347A074CC46D}.Debug|Any CPU.ActiveCfg = Debug|Any CPU
		{C6F175D5-62BE-4CC1-9AFA-347A074CC46D}.Debug|Any CPU.Build.0 = Debug|Any CPU
		{C6F175D5-62BE-4CC1-9AFA-347A074CC46D}.Release|Any CPU.ActiveCfg = Release|Any CPU
		{C6F175D5-62BE-4CC1-9AFA-347A074CC46D}.Release|Any CPU.Build.0 = Release|Any CPU
	EndGlobalSection
	GlobalSection(SolutionProperties) = preSolution
		HideSolutionNode = FALSE
	EndGlobalSection
	GlobalSection(ExtensibilityGlobals) = postSolution
		SolutionGuid = {62151447-921C-4578-A691-79D63FEF9B65}
	EndGlobalSection
EndGlobal
